
Microsoft Visual Studio Solution File, Format Version 12.00
# Visual Studio Version 16
VisualStudioVersion = 16.0.31321.278
MinimumVisualStudioVersion = 10.0.40219.1
Project("{9A19103F-16F7-4668-BE54-9A1E7A4F7556}") = "Password Manger", "Password Manger\Password Manger.csproj", "{D61A5349-F5D7-4DF4-AD90-0DA6EC69E476}"
EndProject
Project("{9A19103F-16F7-4668-BE54-9A1E7A4F7556}") = "Windows Application", "Windows Application\Windows Application.csproj", "{FB86127A-7563-4F22-BCA4-E333D0ADA904}"
EndProject
Global
	GlobalSection(SolutionConfigurationPlatforms) = preSolution
		Debug|Any CPU = Debug|Any CPU
		Release|Any CPU = Release|Any CPU
	EndGlobalSection
	GlobalSection(ProjectConfigurationPlatforms) = postSolution
		{D61A5349-F5D7-4DF4-AD90-0DA6EC69E476}.Debug|Any CPU.ActiveCfg = Debug|Any CPU
		{D61A5349-F5D7-4DF4-AD90-0DA6EC69E476}.Debug|Any CPU.Build.0 = Debug|Any CPU
		{D61A5349-F5D7-4DF4-AD90-0DA6EC69E476}.Release|Any CPU.ActiveCfg = Release|Any CPU
		{D61A5349-F5D7-4DF4-AD90-0DA6EC69E476}.Release|Any CPU.Build.0 = Release|Any CPU
		{FB86127A-7563-4F22-BCA4-E333D0ADA904}.Debug|Any CPU.ActiveCfg = Debug|Any CPU
		{FB86127A-7563-4F22-BCA4-E333D0ADA904}.Debug|Any CPU.Build.0 = Debug|Any CPU
		{FB86127A-7563-4F22-BCA4-E333D0ADA904}.Release|Any CPU.ActiveCfg = Release|Any CPU
		{FB86127A-7563-4F22-BCA4-E333D0ADA904}.Release|Any CPU.Build.0 = Release|Any CPU
	EndGlobalSection
	GlobalSection(SolutionProperties) = preSolution
		HideSolutionNode = FALSE
	EndGlobalSection
	GlobalSection(ExtensibilityGlobals) = postSolution
		SolutionGuid = {AA3346FB-C3A1-4ABF-9081-0BC08807830E}
	EndGlobalSection
EndGlobal
